
Microsoft Visual Studio Solution File, Format Version 12.00
# Visual Studio Version 16
VisualStudioVersion = 16.0.31205.134
MinimumVisualStudioVersion = 10.0.40219.1
Project("{9A19103F-16F7-4668-BE54-9A1E7A4F7556}") = "RCS.Sudoku.Common", "RCS.Sudoku.Common\RCS.Sudoku.Common.csproj", "{E5C31C10-2ACF-482B-ADFD-DCDB9E53A2D4}"
EndProject
Project("{9A19103F-16F7-4668-BE54-9A1E7A4F7556}") = "RCS.Sudoku.WpfApplication", "RCS.Sudoku.WpfApplication\RCS.Sudoku.WpfApplication.csproj", "{1E9AE496-926C-4866-B303-ED545383DA7D}"
EndProject
Global
	GlobalSection(SolutionConfigurationPlatforms) = preSolution
		Debug|Any CPU = Debug|Any CPU
		Release|Any CPU = Release|Any CPU
	EndGlobalSection
	GlobalSection(ProjectConfigurationPlatforms) = postSolution
		{E5C31C10-2ACF-482B-ADFD-DCDB9E53A2D4}.Debug|Any CPU.ActiveCfg = Debug|Any CPU
		{E5C31C10-2ACF-482B-ADFD-DCDB9E53A2D4}.Debug|Any CPU.Build.0 = Debug|Any CPU
		{E5C31C10-2ACF-482B-ADFD-DCDB9E53A2D4}.Release|Any CPU.ActiveCfg = Release|Any CPU
		{E5C31C10-2ACF-482B-ADFD-DCDB9E53A2D4}.Release|Any CPU.Build.0 = Release|Any CPU
		{1E9AE496-926C-4866-B303-ED545383DA7D}.Debug|Any CPU.ActiveCfg = Debug|Any CPU
		{1E9AE496-926C-4866-B303-ED545383DA7D}.Debug|Any CPU.Build.0 = Debug|Any CPU
		{1E9AE496-926C-4866-B303-ED545383DA7D}.Release|Any CPU.ActiveCfg = Release|Any CPU
		{1E9AE496-926C-4866-B303-ED545383DA7D}.Release|Any CPU.Build.0 = Release|Any CPU
	EndGlobalSection
	GlobalSection(SolutionProperties) = preSolution
		HideSolutionNode = FALSE
	EndGlobalSection
	GlobalSection(ExtensibilityGlobals) = postSolution
		SolutionGuid = {6A5B6073-B056-46DC-9590-34DAE25DBA87}
	EndGlobalSection
EndGlobal
